
Microsoft Visual Studio Solution File, Format Version 12.00
# Visual Studio Version 17
VisualStudioVersion = 17.14.36705.20
MinimumVisualStudioVersion = 10.0.40219.1
Project("{FAE04EC0-301F-11D3-BF4B-00C04F79EFBC}") = "Eima.API", "Eima.API\Eima.API.csproj", "{6DA6970F-9A30-470F-8D44-9B578F446CD5}"
EndProject
Project("{2150E333-8FDC-42A3-9474-1A3956D46DE8}") = "Controladores", "Controladores", "{02EA681E-C7D8-13C7-8484-4AC65E1B71E8}"
EndProject
Project("{2150E333-8FDC-42A3-9474-1A3956D46DE8}") = "Entidades", "Entidades", "{65BDFB9C-2E95-4A43-87CF-6249B193875D}"
EndProject
Project("{2150E333-8FDC-42A3-9474-1A3956D46DE8}") = "AccesoDatos", "AccesoDatos", "{3B3F289E-BE0E-4C70-B21E-77243C5793FD}"
EndProject
Project("{FAE04EC0-301F-11D3-BF4B-00C04F79EFBC}") = "AccesoDatos", "AccesoDatos\AccesoDatos.csproj", "{A473B484-E0E6-4F82-A9DB-80F962935005}"
EndProject
Project("{FAE04EC0-301F-11D3-BF4B-00C04F79EFBC}") = "Controladores", "Controladores\Controladores.csproj", "{DA85B6B1-4C3F-4E84-93E9-B3837473F89A}"
EndProject
Project("{FAE04EC0-301F-11D3-BF4B-00C04F79EFBC}") = "Entidades", "Entidades\Entidades.csproj", "{8329317D-6C0E-475D-9DFF-4EA544019FA0}"
EndProject
Global
	GlobalSection(SolutionConfigurationPlatforms) = preSolution
		Debug|Any CPU = Debug|Any CPU
		Release|Any CPU = Release|Any CPU
	EndGlobalSection
	GlobalSection(ProjectConfigurationPlatforms) = postSolution
		{6DA6970F-9A30-470F-8D44-9B578F446CD5}.Debug|Any CPU.ActiveCfg = Debug|Any CPU
		{6DA6970F-9A30-470F-8D44-9B578F446CD5}.Debug|Any CPU.Build.0 = Debug|Any CPU
		{6DA6970F-9A30-470F-8D44-9B578F446CD5}.Release|Any CPU.ActiveCfg = Release|Any CPU
		{6DA6970F-9A30-470F-8D44-9B578F446CD5}.Release|Any CPU.Build.0 = Release|Any CPU
		{A473B484-E0E6-4F82-A9DB-80F962935005}.Debug|Any CPU.ActiveCfg = Debug|Any CPU
		{A473B484-E0E6-4F82-A9DB-80F962935005}.Debug|Any CPU.Build.0 = Debug|Any CPU
		{A473B484-E0E6-4F82-A9DB-80F962935005}.Release|Any CPU.ActiveCfg = Release|Any CPU
		{A473B484-E0E6-4F82-A9DB-80F962935005}.Release|Any CPU.Build.0 = Release|Any CPU
		{DA85B6B1-4C3F-4E84-93E9-B3837473F89A}.Debug|Any CPU.ActiveCfg = Debug|Any CPU
		{DA85B6B1-4C3F-4E84-93E9-B3837473F89A}.Debug|Any CPU.Build.0 = Debug|Any CPU
		{DA85B6B1-4C3F-4E84-93E9-B3837473F89A}.Release|Any CPU.ActiveCfg = Release|Any CPU
		{DA85B6B1-4C3F-4E84-93E9-B3837473F89A}.Release|Any CPU.Build.0 = Release|Any CPU
		{8329317D-6C0E-475D-9DFF-4EA544019FA0}.Debug|Any CPU.ActiveCfg = Debug|Any CPU
		{8329317D-6C0E-475D-9DFF-4EA544019FA0}.Debug|Any CPU.Build.0 = Debug|Any CPU
		{8329317D-6C0E-475D-9DFF-4EA544019FA0}.Release|Any CPU.ActiveCfg = Release|Any CPU
		{8329317D-6C0E-475D-9DFF-4EA544019FA0}.Release|Any CPU.Build.0 = Release|Any CPU
	EndGlobalSection
	GlobalSection(SolutionProperties) = preSolution
		HideSolutionNode = FALSE
	EndGlobalSection
	GlobalSection(NestedProjects) = preSolution
		{A473B484-E0E6-4F82-A9DB-80F962935005} = {3B3F289E-BE0E-4C70-B21E-77243C5793FD}
		{DA85B6B1-4C3F-4E84-93E9-B3837473F89A} = {02EA681E-C7D8-13C7-8484-4AC65E1B71E8}
		{8329317D-6C0E-475D-9DFF-4EA544019FA0} = {65BDFB9C-2E95-4A43-87CF-6249B193875D}
	EndGlobalSection
	GlobalSection(ExtensibilityGlobals) = postSolution
		SolutionGuid = {17202164-5E7D-484C-8A60-BAAF4E2BE501}
	EndGlobalSection
EndGlobal
